
Microsoft Visual Studio Solution File, Format Version 12.00
# Visual Studio Version 16
VisualStudioVersion = 16.0.31613.86
MinimumVisualStudioVersion = 10.0.40219.1
Project("{FAE04EC0-301F-11D3-BF4B-00C04F79EFBC}") = "Charon", "Charon\Charon.csproj", "{F3DB4F00-1C37-489A-AB9B-E14B9B893FE1}"
EndProject
Global
	GlobalSection(SolutionConfigurationPlatforms) = preSolution
		Debug|Any CPU = Debug|Any CPU
		Release|Any CPU = Release|Any CPU
	EndGlobalSection
	GlobalSection(ProjectConfigurationPlatforms) = postSolution
		{F3DB4F00-1C37-489A-AB9B-E14B9B893FE1}.Debug|Any CPU.ActiveCfg = Debug|Any CPU
		{F3DB4F00-1C37-489A-AB9B-E14B9B893FE1}.Debug|Any CPU.Build.0 = Debug|Any CPU
		{F3DB4F00-1C37-489A-AB9B-E14B9B893FE1}.Release|Any CPU.ActiveCfg = Release|Any CPU
		{F3DB4F00-1C37-489A-AB9B-E14B9B893FE1}.Release|Any CPU.Build.0 = Release|Any CPU
	EndGlobalSection
	GlobalSection(SolutionProperties) = preSolution
		HideSolutionNode = FALSE
	EndGlobalSection
	GlobalSection(ExtensibilityGlobals) = postSolution
		SolutionGuid = {ABBEF99E-30A1-4FCB-8BD7-FE685F8791A0}
	EndGlobalSection
EndGlobal
